# This file is automatically @generated by Cargo.
# It is not intended for manual editing.
version = 4

[[package]]
name = "arraydeque"
version = "0.5.1"
source = "registry+https://github.com/rust-lang/crates.io-index"
checksum = "7d902e3d592a523def97af8f317b08ce16b7ab854c1985a0c671e6f15cebc236"

[[package]]
name = "capability"
version = "0.1.0"
dependencies = [
 "meatfs",
]

[[package]]
name = "cfg-if"
version = "1.0.5"
source = "registry+https://github.com/rust-lang/crates.io-index"
checksum = "4e7648175b45a9a48536d676f68d918270699102aa8dab5496df06904c914600"

[[package]]
name = "core_detect"
version = "1.0.0"
source = "registry+https://github.com/rust-lang/crates.io-index"
checksum = "7f8f80099a98041a3d1622845c271458a2d73e688351bf3cb999266764b81d48"

[[package]]
name = "encoding_rs"
version = "0.8.42"
source = "registry+https://github.com/rust-lang/crates.io-index"
checksum = "8e985e0451871ad22fb8d2b6b076e2028a502a0d3950998c2c5c0a4f9b5d9679"
dependencies = [
 "cfg-if",
 "core_detect",
 "multiversion_no_op",
 "rustversion",
 "scopeguard",
 "simdutf8",
]

[[package]]
name = "foldhash"
version = "0.1.5"
source = "registry+https://github.com/rust-lang/crates.io-index"
checksum = "d9c4f5dac5e15c24eb999c26181a6ca40b39fe946cbe4c263c7209467bc83af2"

[[package]]
name = "hashbrown"
version = "0.15.5"
source = "registry+https://github.com/rust-lang/crates.io-index"
checksum = "9229cfe53dfd69f0609a49f65461bd93001ea1ef889cd5529dd176593f5338a1"
dependencies = [
 "foldhash",
]

[[package]]
name = "hashlink"
version = "0.10.0"
source = "registry+https://github.com/rust-lang/crates.io-index"
checksum = "7382cf6263419f2d8df38c55d7da83da5c18aef87fc7a7fc1fb1e344edfe14c1"
dependencies = [
 "hashbrown",
]

[[package]]
name = "meatfs"
version = "0.1.0"

[[package]]
name = "meatyaml"
version = "0.1.0"
dependencies = [
 "meatfs",
 "yaml-rust2",
]

[[package]]
name = "model"
version = "0.1.0"
dependencies = [
 "capability",
 "meatfs",
]

[[package]]
name = "multiversion_no_op"
version = "1.0.0"
source = "registry+https://github.com/rust-lang/crates.io-index"
checksum = "743fb55ba31b18fb1ecef6bdc9aa2743314978ac084044301a7eee33fb99a20d"

[[package]]
name = "runtime"
version = "0.1.0"
dependencies = [
 "capability",
 "meatfs",
 "meatyaml",
 "model",
]

[[package]]
name = "rustversion"
version = "1.0.23"
source = "registry+https://github.com/rust-lang/crates.io-index"
checksum = "cf54715a573b99ac80df0bc206da022bcd442c974952c7b9720069370852e21f"

[[package]]
name = "scopeguard"
version = "1.2.0"
source = "registry+https://github.com/rust-lang/crates.io-index"
checksum = "94143f37725109f92c262ed2cf5e59bce7498c01bcc1502d7b9afe439a4e9f49"

[[package]]
name = "shell-less"
version = "0.1.0"
dependencies = [
 "capability",
 "meatfs",
 "meatyaml",
 "model",
 "runtime",
]

[[package]]
name = "simdutf8"
version = "0.1.5"
source = "registry+https://github.com/rust-lang/crates.io-index"
checksum = "e3a9fe34e3e7a50316060351f37187a3f546bce95496156754b601a5fa71b76e"

[[package]]
name = "yaml-rust2"
version = "0.10.4"
source = "registry+https://github.com/rust-lang/crates.io-index"
checksum = "2462ea039c445496d8793d052e13787f2b90e750b833afee748e601c17621ed9"
dependencies = [
 "arraydeque",
 "encoding_rs",
 "hashlink",
]
